// !$*UTF8*$!
{
	archiveVersion = 1;
	classes = {
	};
	objectVersion = 50;
	objects = {

/* Begin PBXBuildFile section */
		FD13587B215F4950003A2A63 /* Fonts in Resources */ = {isa = PBXBuildFile; fileRef = FD13587A215F4950003A2A63 /* Fonts */; };
		FD13587D215F5F16003A2A63 /* MSProxima.ttf in Resources */ = {isa = PBXBuildFile; fileRef = FD13587C215F5F16003A2A63 /* MSProxima.ttf */; };
		FD13587F2168AB26003A2A63 /* Zian.ttf in Resources */ = {isa = PBXBuildFile; fileRef = FD13587E2168AB25003A2A63 /* Zian.ttf */; };
		FD1358812168D1E0003A2A63 /* Pling.ttf in Resources */ = {isa = PBXBuildFile; fileRef = FD1358802168D1E0003A2A63 /* Pling.ttf */; };
		FD13588321690986003A2A63 /* Streetwear.otf in Resources */ = {isa = PBXBuildFile; fileRef = FD13588221690986003A2A63 /* Streetwear.otf */; };
		FD13588521690B77003A2A63 /* blackjack.otf in Resources */ = {isa = PBXBuildFile; fileRef = FD13588421690B77003A2A63 /* blackjack.otf */; };
		FD89B08D215BEF6A0071452B /* AppDelegate.swift in Sources */ = {isa = PBXBuildFile; fileRef = FD89B08C215BEF6A0071452B /* AppDelegate.swift */; };
		FD89B08F215BEF6A0071452B /* ViewController.swift in Sources */ = {isa = PBXBuildFile; fileRef = FD89B08E215BEF6A0071452B /* ViewController.swift */; };
		FD89B092215BEF6A0071452B /* Main.storyboard in Resources */ = {isa = PBXBuildFile; fileRef = FD89B090215BEF6A0071452B /* Main.storyboard */; };
		FD89B094215BEF700071452B /* Assets.xcassets in Resources */ = {isa = PBXBuildFile; fileRef = FD89B093215BEF700071452B /* Assets.xcassets */; };
		FD89B097215BEF700071452B /* LaunchScreen.storyboard in Resources */ = {isa = PBXBuildFile; fileRef = FD89B095215BEF700071452B /* LaunchScreen.storyboard */; };
/* End PBXBuildFile section */

/* Begin PBXFileReference section */
		FD13587A215F4950003A2A63 /* Fonts */ = {isa = PBXFileReference; lastKnownFileType = folder; path = Fonts; sourceTree = "<group>"; };
		FD13587C215F5F16003A2A63 /* MSProxima.ttf */ = {isa = PBXFileReference; lastKnownFileType = file; path = MSProxima.ttf; sourceTree = "<group>"; };
		FD13587E2168AB25003A2A63 /* Zian.ttf */ = {isa = PBXFileReference; lastKnownFileType = file; path = Zian.ttf; sourceTree = "<group>"; };
		FD1358802168D1E0003A2A63 /* Pling.ttf */ = {isa = PBXFileReference; lastKnownFileType = file; path = Pling.ttf; sourceTree = "<group>"; };
		FD13588221690986003A2A63 /* Streetwear.otf */ = {isa = PBXFileReference; lastKnownFileType = file; path = Streetwear.otf; sourceTree = "<group>"; };
		FD13588421690B77003A2A63 /* blackjack.otf */ = {isa = PBXFileReference; lastKnownFileType = file; path = blackjack.otf; sourceTree = "<group>"; };
		FD89B089215BEF690071452B /* QuiziOSApp.app */ = {isa = PBXFileReference; explicitFileType = wrapper.application; includeInIndex = 0; path = QuiziOSApp.app; sourceTree = BUILT_PRODUCTS_DIR; };
		FD89B08C215BEF6A0071452B /* AppDelegate.swift */ = {isa = PBXFileReference; lastKnownFileType = sourcecode.swift; path = AppDelegate.swift; sourceTree = "<group>"; };
		FD89B08E215BEF6A0071452B /* ViewController.swift */ = {isa = PBXFileReference; lastKnownFileType = sourcecode.swift; path = ViewController.swift; sourceTree = "<group>"; };
		FD89B091215BEF6A0071452B /* Base */ = {isa = PBXFileReference; lastKnownFileType = file.storyboard; name = Base; path = Base.lproj/Main.storyboard; sourceTree = "<group>"; };
		FD89B093215BEF700071452B /* Assets.xcassets */ = {isa = PBXFileReference; lastKnownFileType = folder.assetcatalog; path = Assets.xcassets; sourceTree = "<group>"; };
		FD89B096215BEF700071452B /* Base */ = {isa = PBXFileReference; lastKnownFileType = file.storyboard; name = Base; path = Base.lproj/LaunchScreen.storyboard; sourceTree = "<group>"; };
		FD89B098215BEF700071452B /* Info.plist */ = {isa = PBXFileReference; lastKnownFileType = text.plist.xml; path = Info.plist; sourceTree = "<group>"; };
/* End PBXFileReference section */

/* Begin PBXFrameworksBuildPhase section */
		FD89B086215BEF690071452B /* Frameworks */ = {
			isa = PBXFrameworksBuildPhase;
			buildActionMask = 2147483647;
			files = (
			);
			runOnlyForDeploymentPostprocessing = 0;
		};
/* End PBXFrameworksBuildPhase section */

/* Begin PBXGroup section */
		FD89B080215BEF690071452B = {
			isa = PBXGroup;
			children = (
				FD13588421690B77003A2A63 /* blackjack.otf */,
				FD13588221690986003A2A63 /* Streetwear.otf */,
				FD1358802168D1E0003A2A63 /* Pling.ttf */,
				FD13587E2168AB25003A2A63 /* Zian.ttf */,
				FD13587C215F5F16003A2A63 /* MSProxima.ttf */,
				FD89B08B215BEF6A0071452B /* QuiziOSApp */,
				FD89B08A215BEF690071452B /* Products */,
			);
			sourceTree = "<group>";
		};
		FD89B08A215BEF690071452B /* Products */ = {
			isa = PBXGroup;
			children = (
				FD89B089215BEF690071452B /* QuiziOSApp.app */,
			);
			name = Products;
			sourceTree = "<group>";
		};
		FD89B08B215BEF6A0071452B /* QuiziOSApp */ = {
			isa = PBXGroup;
			children = (
				FD89B08C215BEF6A0071452B /* AppDelegate.swift */,
				FD89B08E215BEF6A0071452B /* ViewController.swift */,
				FD89B090215BEF6A0071452B /* Main.storyboard */,
				FD89B093215BEF700071452B /* Assets.xcassets */,
				FD89B095215BEF700071452B /* LaunchScreen.storyboard */,
				FD89B098215BEF700071452B /* Info.plist */,
				FD13587A215F4950003A2A63 /* Fonts */,
			);
			path = QuiziOSApp;
			sourceTree = "<group>";
		};
/* End PBXGroup section */

/* Begin PBXNativeTarget section */
		FD89B088215BEF690071452B /* QuiziOSApp */ = {
			isa = PBXNativeTarget;
			buildConfigurationList = FD89B09B215BEF700071452B /* Build configuration list for PBXNativeTarget "QuiziOSApp" */;
			buildPhases = (
				FD89B085215BEF690071452B /* Sources */,
				FD89B086215BEF690071452B /* Frameworks */,
				FD89B087215BEF690071452B /* Resources */,
			);
			buildRules = (
			);
			dependencies = (
			);
			name = QuiziOSApp;
			productName = QuiziOSApp;
			productReference = FD89B089215BEF690071452B /* QuiziOSApp.app */;
			productType = "com.apple.product-type.application";
		};
/* End PBXNativeTarget section */

/* Begin PBXProject section */
		FD89B081215BEF690071452B /* Project object */ = {
			isa = PBXProject;
			attributes = {
				LastSwiftUpdateCheck = 0940;
				LastUpgradeCheck = 0940;
				ORGANIZATIONNAME = "Abhishek Sansanwal";
				TargetAttributes = {
					FD89B088215BEF690071452B = {
						CreatedOnToolsVersion = 9.4;
					};
				};
			};
			buildConfigurationList = FD89B084215BEF690071452B /* Build configuration list for PBXProject "QuiziOSApp" */;
			compatibilityVersion = "Xcode 9.3";
			developmentRegion = en;
			hasScannedForEncodings = 0;
			knownRegions = (
				en,
				Base,
			);
			mainGroup = FD89B080215BEF690071452B;
			productRefGroup = FD89B08A215BEF690071452B /* Products */;
			projectDirPath = "";
			projectRoot = "";
			targets = (
				FD89B088215BEF690071452B /* QuiziOSApp */,
			);
		};
/* End PBXProject section */

/* Begin PBXResourcesBuildPhase section */
		FD89B087215BEF690071452B /* Resources */ = {
			isa = PBXResourcesBuildPhase;
			buildActionMask = 2147483647;
			files = (
				FD89B097215BEF700071452B /* LaunchScreen.storyboard in Resources */,
				FD89B094215BEF700071452B /* Assets.xcassets in Resources */,
				FD89B092215BEF6A0071452B /* Main.storyboard in Resources */,
				FD13587B215F4950003A2A63 /* Fonts in Resources */,
				FD13587D215F5F16003A2A63 /* MSProxima.ttf in Resources */,
				FD13587F2168AB26003A2A63 /* Zian.ttf in Resources */,
				FD13588521690B77003A2A63 /* blackjack.otf in Resources */,
				FD1358812168D1E0003A2A63 /* Pling.ttf in Resources */,
				FD13588321690986003A2A63 /* Streetwear.otf in Resources */,
			);
			runOnlyForDeploymentPostprocessing = 0;
		};
/* End PBXResourcesBuildPhase section */

/* Begin PBXSourcesBuildPhase section */
		FD89B085215BEF690071452B /* Sources */ = {
			isa = PBXSourcesBuildPhase;
			buildActionMask = 2147483647;
			files = (
				FD89B08F215BEF6A0071452B /* ViewController.swift in Sources */,
				FD89B08D215BEF6A0071452B /* AppDelegate.swift in Sources */,
			);
			runOnlyForDeploymentPostprocessing = 0;
		};
/* End PBXSourcesBuildPhase section */

/* Begin PBXVariantGroup section */
		FD89B090215BEF6A0071452B /* Main.storyboard */ = {
			isa = PBXVariantGroup;
			children = (
				FD89B091215BEF6A0071452B /* Base */,
			);
			name = Main.storyboard;
			sourceTree = "<group>";
		};
		FD89B095215BEF700071452B /* LaunchScreen.storyboard */ = {
			isa = PBXVariantGroup;
			children = (
				FD89B096215BEF700071452B /* Base */,
			);
			name = LaunchScreen.storyboard;
			sourceTree = "<group>";
		};
/* End PBXVariantGroup section */

/* Begin XCBuildConfiguration section */
		FD89B099215BEF700071452B /* Debug */ = {
			isa = XCBuildConfiguration;
			buildSettings = {
				ALWAYS_SEARCH_USER_PATHS = NO;
				CLANG_ANALYZER_NONNULL = YES;
				CLANG_ANALYZER_NUMBER_OBJECT_CONVERSION = YES_AGGRESSIVE;
				CLANG_CXX_LANGUAGE_STANDARD = "gnu++14";
				CLANG_CXX_LIBRARY = "libc++";
				CLANG_ENABLE_MODULES = YES;
				CLANG_ENABLE_OBJC_ARC = YES;
				CLANG_ENABLE_OBJC_WEAK = YES;
				CLANG_WARN_BLOCK_CAPTURE_AUTORELEASING = YES;
				CLANG_WARN_BOOL_CONVERSION = YES;
				CLANG_WARN_COMMA = YES;
				CLANG_WARN_CONSTANT_CONVERSION = YES;
				CLANG_WARN_DEPRECATED_OBJC_IMPLEMENTATIONS = YES;
				CLANG_WARN_DIRECT_OBJC_ISA_USAGE = YES_ERROR;
				CLANG_WARN_DOCUMENTATION_COMMENTS = YES;
				CLANG_WARN_EMPTY_BODY = YES;
				CLANG_WARN_ENUM_CONVERSION = YES;
				CLANG_WARN_INFINITE_RECURSION = YES;
				CLANG_WARN_INT_CONVERSION = YES;
				CLANG_WARN_NON_LITERAL_NULL_CONVERSION = YES;
				CLANG_WARN_OBJC_IMPLICIT_RETAIN_SELF = YES;
				CLANG_WARN_OBJC_LITERAL_CONVERSION = YES;
				CLANG_WARN_OBJC_ROOT_CLASS = YES_ERROR;
				CLANG_WARN_RANGE_LOOP_ANALYSIS = YES;
				CLANG_WARN_STRICT_PROTOTYPES = YES;
				CLANG_WARN_SUSPICIOUS_MOVE = YES;
				CLANG_WARN_UNGUARDED_AVAILABILITY = YES_AGGRESSIVE;
				CLANG_WARN_UNREACHABLE_CODE = YES;
				CLANG_WARN__DUPLICATE_METHOD_MATCH = YES;
				CODE_SIGN_IDENTITY = "iPhone Developer";
				COPY_PHASE_STRIP = NO;
				DEBUG_INFORMATION_FORMAT = dwarf;
				ENABLE_STRICT_OBJC_MSGSEND = YES;
				ENABLE_TESTABILITY = YES;
				GCC_C_LANGUAGE_STANDARD = gnu11;
				GCC_DYNAMIC_NO_PIC = NO;
				GCC_NO_COMMON_BLOCKS = YES;
				GCC_OPTIMIZATION_LEVEL = 0;
				GCC_PREPROCESSOR_DEFINITIONS = (
					"DEBUG=1",
					"$(inherited)",
				);
				GCC_WARN_64_TO_32_BIT_CONVERSION = YES;
				GCC_WARN_ABOUT_RETURN_TYPE = YES_ERROR;
				GCC_WARN_UNDECLARED_SELECTOR = YES;
				GCC_WARN_UNINITIALIZED_AUTOS = YES_AGGRESSIVE;
				GCC_WARN_UNUSED_FUNCTION = YES;
				GCC_WARN_UNUSED_VARIABLE = YES;
				IPHONEOS_DEPLOYMENT_TARGET = 11.4;
				MTL_ENABLE_DEBUG_INFO = YES;
				ONLY_ACTIVE_ARCH = YES;
				SDKROOT = iphoneos;
				SWIFT_ACTIVE_COMPILATION_CONDITIONS = DEBUG;
				SWIFT_OPTIMIZATION_LEVEL = "-Onone";
			};
			name = Debug;
		};
		FD89B09A215BEF700071452B /* Release */ = {
			isa = XCBuildConfiguration;
			buildSettings = {
				ALWAYS_SEARCH_USER_PATHS = NO;
				CLANG_ANALYZER_NONNULL = YES;
				CLANG_ANALYZER_NUMBER_OBJECT_CONVERSION = YES_AGGRESSIVE;
				CLANG_CXX_LANGUAGE_STANDARD = "gnu++14";
				CLANG_CXX_LIBRARY = "libc++";
				CLANG_ENABLE_MODULES = YES;
				CLANG_ENABLE_OBJC_ARC = YES;
				CLANG_ENABLE_OBJC_WEAK = YES;
				CLANG_WARN_BLOCK_CAPTURE_AUTORELEASING = YES;
				CLANG_WARN_BOOL_CONVERSION = YES;
				CLANG_WARN_COMMA = YES;
				CLANG_WARN_CONSTANT_CONVERSION = YES;
				CLANG_WARN_DEPRECATED_OBJC_IMPLEMENTATIONS = YES;
				CLANG_WARN_DIRECT_OBJC_ISA_USAGE = YES_ERROR;
				CLANG_WARN_DOCUMENTATION_COMMENTS = YES;
				CLANG_WARN_EMPTY_BODY = YES;
				CLANG_WARN_ENUM_CONVERSION = YES;
				CLANG_WARN_INFINITE_RECURSION = YES;
				CLANG_WARN_INT_CONVERSION = YES;
				CLANG_WARN_NON_LITERAL_NULL_CONVERSION = YES;
				CLANG_WARN_OBJC_IMPLICIT_RETAIN_SELF = YES;
				CLANG_WARN_OBJC_LITERAL_CONVERSION = YES;
				CLANG_WARN_OBJC_ROOT_CLASS = YES_ERROR;
				CLANG_WARN_RANGE_LOOP_ANALYSIS = YES;
				CLANG_WARN_STRICT_PROTOTYPES = YES;
				CLANG_WARN_SUSPICIOUS_MOVE = YES;
				CLANG_WARN_UNGUARDED_AVAILABILITY = YES_AGGRESSIVE;
				CLANG_WARN_UNREACHABLE_CODE = YES;
				CLANG_WARN__DUPLICATE_METHOD_MATCH = YES;
				CODE_SIGN_IDENTITY = "iPhone Developer";
				COPY_PHASE_STRIP = NO;
				DEBUG_INFORMATION_FORMAT = "dwarf-with-dsym";
				ENABLE_NS_ASSERTIONS = NO;
				ENABLE_STRICT_OBJC_MSGSEND = YES;
				GCC_C_LANGUAGE_STANDARD = gnu11;
				GCC_NO_COMMON_BLOCKS = YES;
				GCC_WARN_64_TO_32_BIT_CONVERSION = YES;
				GCC_WARN_ABOUT_RETURN_TYPE = YES_ERROR;
				GCC_WARN_UNDECLARED_SELECTOR = YES;
				GCC_WARN_UNINITIALIZED_AUTOS = YES_AGGRESSIVE;
				GCC_WARN_UNUSED_FUNCTION = YES;
				GCC_WARN_UNUSED_VARIABLE = YES;
				IPHONEOS_DEPLOYMENT_TARGET = 11.4;
				MTL_ENABLE_DEBUG_INFO = NO;
				SDKROOT = iphoneos;
				SWIFT_COMPILATION_MODE = wholemodule;
				SWIFT_OPTIMIZATION_LEVEL = "-O";
				VALIDATE_PRODUCT = YES;
			};
			name = Release;
		};
		FD89B09C215BEF700071452B /* Debug */ = {
			isa = XCBuildConfiguration;
			buildSettings = {
				ASSETCATALOG_COMPILER_APPICON_NAME = AppIcon;
				CODE_SIGN_STYLE = Automatic;
				DEVELOPMENT_TEAM = 7SY99V8Y8S;
				INFOPLIST_FILE = QuiziOSApp/Info.plist;
				LD_RUNPATH_SEARCH_PATHS = (
					"$(inherited)",
					"@executable_path/Frameworks",
				);
				PRODUCT_BUNDLE_IDENTIFIER = com.abhisheksansanwal.QuiziOSApp;
				PRODUCT_NAME = "$(TARGET_NAME)";
				SWIFT_VERSION = 4.0;
				TARGETED_DEVICE_FAMILY = "1,2";
			};
			name = Debug;
		};
		FD89B09D215BEF700071452B /* Release */ = {
			isa = XCBuildConfiguration;
			buildSettings = {
				ASSETCATALOG_COMPILER_APPICON_NAME = AppIcon;
				CODE_SIGN_STYLE = Automatic;
				DEVELOPMENT_TEAM = 7SY99V8Y8S;
				INFOPLIST_FILE = QuiziOSApp/Info.plist;
				LD_RUNPATH_SEARCH_PATHS = (
					"$(inherited)",
					"@executable_path/Frameworks",
				);
				PRODUCT_BUNDLE_IDENTIFIER = com.abhisheksansanwal.QuiziOSApp;
				PRODUCT_NAME = "$(TARGET_NAME)";
				SWIFT_VERSION = 4.0;
				TARGETED_DEVICE_FAMILY = "1,2";
			};
			name = Release;
		};
/* End XCBuildConfiguration section */

/* Begin XCConfigurationList section */
		FD89B084215BEF690071452B /* Build configuration list for PBXProject "QuiziOSApp" */ = {
			isa = XCConfigurationList;
			buildConfigurations = (
				FD89B099215BEF700071452B /* Debug */,
				FD89B09A215BEF700071452B /* Release */,
			);
			defaultConfigurationIsVisible = 0;
			defaultConfigurationName = Release;
		};
		FD89B09B215BEF700071452B /* Build configuration list for PBXNativeTarget "QuiziOSApp" */ = {
			isa = XCConfigurationList;
			buildConfigurations = (
				FD89B09C215BEF700071452B /* Debug */,
				FD89B09D215BEF700071452B /* Release */,
			);
			defaultConfigurationIsVisible = 0;
			defaultConfigurationName = Release;
		};
/* End XCConfigurationList section */
	};
	rootObject = FD89B081215BEF690071452B /* Project object */;
}
